
Microsoft Visual Studio Solution File, Format Version 12.00
# Visual Studio Version 16
VisualStudioVersion = 16.0.29424.173
MinimumVisualStudioVersion = 10.0.40219.1
Project("{FAE04EC0-301F-11D3-BF4B-00C04F79EFBC}") = "OKIDOKI", "OKIDOKI.csproj", "{6EBD2E37-3EC6-46EB-BD84-2BC330562905}"
EndProject
Global
	GlobalSection(SolutionConfigurationPlatforms) = preSolution
		Debug|Any CPU = Debug|Any CPU
		Release|Any CPU = Release|Any CPU
	EndGlobalSection
	GlobalSection(ProjectConfigurationPlatforms) = postSolution
		{6EBD2E37-3EC6-46EB-BD84-2BC330562905}.Debug|Any CPU.ActiveCfg = Debug|Any CPU
		{6EBD2E37-3EC6-46EB-BD84-2BC330562905}.Debug|Any CPU.Build.0 = Debug|Any CPU
		{6EBD2E37-3EC6-46EB-BD84-2BC330562905}.Release|Any CPU.ActiveCfg = Release|Any CPU
		{6EBD2E37-3EC6-46EB-BD84-2BC330562905}.Release|Any CPU.Build.0 = Release|Any CPU
	EndGlobalSection
	GlobalSection(SolutionProperties) = preSolution
		HideSolutionNode = FALSE
	EndGlobalSection
	GlobalSection(ExtensibilityGlobals) = postSolution
		SolutionGuid = {5DCA45A6-754C-42BB-811A-887CB3A66974}
	EndGlobalSection
EndGlobal
